Microsoft Visual Studio Solution File, Format Version 11.00
# Visual Studio 2008

Project("{77544882-1D9A-33D0-7EC1-B742B8926F96}") = "GameJam2015", "Assembly-CSharp-firstpass.csproj", "{6F5F4065-EC6D-538B-DE8F-1833A89DC075}"
EndProject
Project("{77544882-1D9A-33D0-7EC1-B742B8926F96}") = "GameJam2015", "Assembly-CSharp-Editor.csproj", "{DDB654E3-377D-D7A5-70C5-8786609813BF}"
EndProject
Project("{77544882-1D9A-33D0-7EC1-B742B8926F96}") = "GameJam2015", "Assembly-UnityScript-firstpass.unityproj", "{BC595BBD-92B5-0E85-A360-122F861812BD}"
EndProject
Project("{77544882-1D9A-33D0-7EC1-B742B8926F96}") = "GameJam2015", "Assembly-UnityScript.unityproj", "{EBD07B5E-13C7-029B-027D-4C777EAD5239}"
EndProject
Project("{77544882-1D9A-33D0-7EC1-B742B8926F96}") = "GameJam2015", "Assembly-UnityScript-Editor.unityproj", "{1473706B-BB3B-B36C-EB15-CC264AAD44C6}"
EndProject
Global
	GlobalSection(SolutionConfigurationPlatforms) = preSolution
		Debug|Any CPU = Debug|Any CPU
		Release|Any CPU = Release|Any CPU
	EndGlobalSection
	GlobalSection(ProjectConfigurationPlatforms) = postSolution
		{6F5F4065-EC6D-538B-DE8F-1833A89DC075}.Debug|Any CPU.ActiveCfg = Debug|Any CPU
		{6F5F4065-EC6D-538B-DE8F-1833A89DC075}.Debug|Any CPU.Build.0 = Debug|Any CPU
		{6F5F4065-EC6D-538B-DE8F-1833A89DC075}.Release|Any CPU.ActiveCfg = Release|Any CPU
		{6F5F4065-EC6D-538B-DE8F-1833A89DC075}.Release|Any CPU.Build.0 = Release|Any CPU
		{DDB654E3-377D-D7A5-70C5-8786609813BF}.Debug|Any CPU.ActiveCfg = Debug|Any CPU
		{DDB654E3-377D-D7A5-70C5-8786609813BF}.Debug|Any CPU.Build.0 = Debug|Any CPU
		{DDB654E3-377D-D7A5-70C5-8786609813BF}.Release|Any CPU.ActiveCfg = Release|Any CPU
		{DDB654E3-377D-D7A5-70C5-8786609813BF}.Release|Any CPU.Build.0 = Release|Any CPU
		{BC595BBD-92B5-0E85-A360-122F861812BD}.Debug|Any CPU.ActiveCfg = Debug|Any CPU
		{BC595BBD-92B5-0E85-A360-122F861812BD}.Debug|Any CPU.Build.0 = Debug|Any CPU
		{BC595BBD-92B5-0E85-A360-122F861812BD}.Release|Any CPU.ActiveCfg = Release|Any CPU
		{BC595BBD-92B5-0E85-A360-122F861812BD}.Release|Any CPU.Build.0 = Release|Any CPU
		{EBD07B5E-13C7-029B-027D-4C777EAD5239}.Debug|Any CPU.ActiveCfg = Debug|Any CPU
		{EBD07B5E-13C7-029B-027D-4C777EAD5239}.Debug|Any CPU.Build.0 = Debug|Any CPU
		{EBD07B5E-13C7-029B-027D-4C777EAD5239}.Release|Any CPU.ActiveCfg = Release|Any CPU
		{EBD07B5E-13C7-029B-027D-4C777EAD5239}.Release|Any CPU.Build.0 = Release|Any CPU
		{1473706B-BB3B-B36C-EB15-CC264AAD44C6}.Debug|Any CPU.ActiveCfg = Debug|Any CPU
		{1473706B-BB3B-B36C-EB15-CC264AAD44C6}.Debug|Any CPU.Build.0 = Debug|Any CPU
		{1473706B-BB3B-B36C-EB15-CC264AAD44C6}.Release|Any CPU.ActiveCfg = Release|Any CPU
		{1473706B-BB3B-B36C-EB15-CC264AAD44C6}.Release|Any CPU.Build.0 = Release|Any CPU
	EndGlobalSection
	GlobalSection(SolutionProperties) = preSolution
		HideSolutionNode = FALSE
	EndGlobalSection
																													GlobalSection(MonoDevelopProperties) = preSolution
		StartupItem = Assembly-CSharp.csproj
		Policies = $0
		$0.TextStylePolicy = $1
		$1.inheritsSet = null
		$1.scope = text/x-csharp
		$0.CSharpFormattingPolicy = $2
		$2.inheritsSet = Mono
		$2.inheritsScope = text/x-csharp
		$2.scope = text/x-csharp
		$0.TextStylePolicy = $3
		$3.FileWidth = 120
		$3.TabWidth = 4
		$3.EolMarker = Unix
		$3.inheritsSet = Mono
		$3.inheritsScope = text/plain
		$3.scope = text/plain
	EndGlobalSection

EndGlobal
